// !$*UTF8*$!
{
	archiveVersion = 1;
	classes = {
	};
	objectVersion = 46;
	objects = {

/* Begin PBXBuildFile section */
		FB705E831D17DCEB00C8365E /* main.cpp in Sources */ = {isa = PBXBuildFile; fileRef = FB705E801D17DCEB00C8365E /* main.cpp */; };
		FB705E861D19177700C8365E /* FishEyeRemaper.cpp in Sources */ = {isa = PBXBuildFile; fileRef = FB705E841D19177700C8365E /* FishEyeRemaper.cpp */; };
/* End PBXBuildFile section */

/* Begin PBXCopyFilesBuildPhase section */
		FBB16C9F19A6D3920094B6BE /* CopyFiles */ = {
			isa = PBXCopyFilesBuildPhase;
			buildActionMask = 2147483647;
			dstPath = /usr/share/man/man1/;
			dstSubfolderSpec = 0;
			files = (
			);
			runOnlyForDeploymentPostprocessing = 1;
		};
/* End PBXCopyFilesBuildPhase section */

/* Begin PBXFileReference section */
		FB705E801D17DCEB00C8365E /* main.cpp */ = {isa = PBXFileReference; fileEncoding = 4; lastKnownFileType = sourcecode.cpp.cpp; path = main.cpp; sourceTree = "<group>"; };
		FB705E841D19177700C8365E /* FishEyeRemaper.cpp */ = {isa = PBXFileReference; fileEncoding = 4; lastKnownFileType = sourcecode.cpp.cpp; path = FishEyeRemaper.cpp; sourceTree = "<group>"; };
		FB705E851D19177700C8365E /* FishEyeRemaper.hpp */ = {isa = PBXFileReference; fileEncoding = 4; lastKnownFileType = sourcecode.cpp.h; path = FishEyeRemaper.hpp; sourceTree = "<group>"; };
		FBB16CA119A6D3920094B6BE /* FishEyeRemap */ = {isa = PBXFileReference; explicitFileType = "compiled.mach-o.executable"; includeInIndex = 0; path = FishEyeRemap; sourceTree = BUILT_PRODUCTS_DIR; };
/* End PBXFileReference section */

/* Begin PBXFrameworksBuildPhase section */
		FBB16C9E19A6D3920094B6BE /* Frameworks */ = {
			isa = PBXFrameworksBuildPhase;
			buildActionMask = 2147483647;
			files = (
			);
			runOnlyForDeploymentPostprocessing = 0;
		};
/* End PBXFrameworksBuildPhase section */

/* Begin PBXGroup section */
		FB705E7F1D17DCEB00C8365E /* FishEyeRemap */ = {
			isa = PBXGroup;
			children = (
				FB705E801D17DCEB00C8365E /* main.cpp */,
				FB705E841D19177700C8365E /* FishEyeRemaper.cpp */,
				FB705E851D19177700C8365E /* FishEyeRemaper.hpp */,
			);
			path = FishEyeRemap;
			sourceTree = "<group>";
		};
		FBB16C9819A6D3920094B6BE = {
			isa = PBXGroup;
			children = (
				FB705E7F1D17DCEB00C8365E /* FishEyeRemap */,
				FBB16CA219A6D3920094B6BE /* Products */,
			);
			sourceTree = "<group>";
		};
		FBB16CA219A6D3920094B6BE /* Products */ = {
			isa = PBXGroup;
			children = (
				FBB16CA119A6D3920094B6BE /* FishEyeRemap */,
			);
			name = Products;
			sourceTree = "<group>";
		};
/* End PBXGroup section */

/* Begin PBXNativeTarget section */
		FBB16CA019A6D3920094B6BE /* FishEyeRemap */ = {
			isa = PBXNativeTarget;
			buildConfigurationList = FBB16CAA19A6D3920094B6BE /* Build configuration list for PBXNativeTarget "FishEyeRemap" */;
			buildPhases = (
				FBB16C9D19A6D3920094B6BE /* Sources */,
				FBB16C9E19A6D3920094B6BE /* Frameworks */,
				FBB16C9F19A6D3920094B6BE /* CopyFiles */,
			);
			buildRules = (
			);
			dependencies = (
			);
			name = FishEyeRemap;
			productName = OpencvMAC;
			productReference = FBB16CA119A6D3920094B6BE /* FishEyeRemap */;
			productType = "com.apple.product-type.tool";
		};
/* End PBXNativeTarget section */

/* Begin PBXProject section */
		FBB16C9919A6D3920094B6BE /* Project object */ = {
			isa = PBXProject;
			attributes = {
				LastUpgradeCheck = 0510;
				ORGANIZATIONNAME = "赵常凯";
			};
			buildConfigurationList = FBB16C9C19A6D3920094B6BE /* Build configuration list for PBXProject "FishEyeRemap" */;
			compatibilityVersion = "Xcode 3.2";
			developmentRegion = English;
			hasScannedForEncodings = 0;
			knownRegions = (
				en,
			);
			mainGroup = FBB16C9819A6D3920094B6BE;
			productRefGroup = FBB16CA219A6D3920094B6BE /* Products */;
			projectDirPath = "";
			projectRoot = "";
			targets = (
				FBB16CA019A6D3920094B6BE /* FishEyeRemap */,
			);
		};
/* End PBXProject section */

/* Begin PBXSourcesBuildPhase section */
		FBB16C9D19A6D3920094B6BE /* Sources */ = {
			isa = PBXSourcesBuildPhase;
			buildActionMask = 2147483647;
			files = (
				FB705E861D19177700C8365E /* FishEyeRemaper.cpp in Sources */,
				FB705E831D17DCEB00C8365E /* main.cpp in Sources */,
			);
			runOnlyForDeploymentPostprocessing = 0;
		};
/* End PBXSourcesBuildPhase section */

/* Begin XCBuildConfiguration section */
		FBB16CA819A6D3920094B6BE /* Debug */ = {
			isa = XCBuildConfiguration;
			buildSettings = {
				ALWAYS_SEARCH_USER_PATHS = NO;
				CLANG_CXX_LANGUAGE_STANDARD = "gnu++0x";
				CLANG_CXX_LIBRARY = "libc++";
				CLANG_ENABLE_MODULES = YES;
				CLANG_ENABLE_OBJC_ARC = YES;
				CLANG_WARN_BOOL_CONVERSION = YES;
				CLANG_WARN_CONSTANT_CONVERSION = YES;
				CLANG_WARN_DIRECT_OBJC_ISA_USAGE = YES_ERROR;
				CLANG_WARN_EMPTY_BODY = YES;
				CLANG_WARN_ENUM_CONVERSION = YES;
				CLANG_WARN_INT_CONVERSION = YES;
				CLANG_WARN_OBJC_ROOT_CLASS = YES_ERROR;
				CLANG_WARN__DUPLICATE_METHOD_MATCH = YES;
				COPY_PHASE_STRIP = NO;
				GCC_C_LANGUAGE_STANDARD = gnu99;
				GCC_DYNAMIC_NO_PIC = NO;
				GCC_ENABLE_OBJC_EXCEPTIONS = YES;
				GCC_OPTIMIZATION_LEVEL = 0;
				GCC_PREPROCESSOR_DEFINITIONS = (
					"DEBUG=1",
					"$(inherited)",
				);
				GCC_SYMBOLS_PRIVATE_EXTERN = NO;
				GCC_WARN_64_TO_32_BIT_CONVERSION = YES;
				GCC_WARN_ABOUT_RETURN_TYPE = YES_ERROR;
				GCC_WARN_UNDECLARED_SELECTOR = YES;
				GCC_WARN_UNINITIALIZED_AUTOS = YES_AGGRESSIVE;
				GCC_WARN_UNUSED_FUNCTION = YES;
				GCC_WARN_UNUSED_VARIABLE = YES;
				HEADER_SEARCH_PATHS = /opt/local/include;
				LIBRARY_SEARCH_PATHS = /opt/local/lib;
				MACOSX_DEPLOYMENT_TARGET = 10.9;
				ONLY_ACTIVE_ARCH = YES;
				OTHER_LDFLAGS = (
					"-lopencv_calib3d",
					"-lopencv_core",
					"-lopencv_features2d",
					"-lopencv_flann",
					"-lopencv_highgui",
					"-lopencv_imgcodecs",
					"-lopencv_imgproc",
					"-lopencv_ml",
					"-lopencv_objdetect",
					"-lopencv_photo",
					"-lopencv_shape",
					"-lopencv_stitching",
					"-lopencv_superres",
					"-lopencv_ts",
					"-lopencv_videostab",
					"-lopencv_video",
					"-lopencv_videoio",
				);
				SDKROOT = macosx;
			};
			name = Debug;
		};
		FBB16CA919A6D3920094B6BE /* Release */ = {
			isa = XCBuildConfiguration;
			buildSettings = {
				ALWAYS_SEARCH_USER_PATHS = NO;
				CLANG_CXX_LANGUAGE_STANDARD = "gnu++0x";
				CLANG_CXX_LIBRARY = "libc++";
				CLANG_ENABLE_MODULES = YES;
				CLANG_ENABLE_OBJC_ARC = YES;
				CLANG_WARN_BOOL_CONVERSION = YES;
				CLANG_WARN_CONSTANT_CONVERSION = YES;
				CLANG_WARN_DIRECT_OBJC_ISA_USAGE = YES_ERROR;
				CLANG_WARN_EMPTY_BODY = YES;
				CLANG_WARN_ENUM_CONVERSION = YES;
				CLANG_WARN_INT_CONVERSION = YES;
				CLANG_WARN_OBJC_ROOT_CLASS = YES_ERROR;
				CLANG_WARN__DUPLICATE_METHOD_MATCH = YES;
				COPY_PHASE_STRIP = YES;
				DEBUG_INFORMATION_FORMAT = "dwarf-with-dsym";
				ENABLE_NS_ASSERTIONS = NO;
				GCC_C_LANGUAGE_STANDARD = gnu99;
				GCC_ENABLE_OBJC_EXCEPTIONS = YES;
				GCC_WARN_64_TO_32_BIT_CONVERSION = YES;
				GCC_WARN_ABOUT_RETURN_TYPE = YES_ERROR;
				GCC_WARN_UNDECLARED_SELECTOR = YES;
				GCC_WARN_UNINITIALIZED_AUTOS = YES_AGGRESSIVE;
				GCC_WARN_UNUSED_FUNCTION = YES;
				GCC_WARN_UNUSED_VARIABLE = YES;
				HEADER_SEARCH_PATHS = /opt/local/include;
				LIBRARY_SEARCH_PATHS = /opt/local/lib;
				MACOSX_DEPLOYMENT_TARGET = 10.9;
				OTHER_LDFLAGS = (
					"-lopencv_calib3d",
					"-lopencv_core",
					"-lopencv_features2d",
					"-lopencv_flann",
					"-lopencv_highgui",
					"-lopencv_imgcodecs",
					"-lopencv_imgproc",
					"-lopencv_ml",
					"-lopencv_objdetect",
					"-lopencv_photo",
					"-lopencv_shape",
					"-lopencv_stitching",
					"-lopencv_superres",
					"-lopencv_ts",
					"-lopencv_videostab",
					"-lopencv_video",
					"-lopencv_videoio",
				);
				SDKROOT = macosx;
			};
			name = Release;
		};
		FBB16CAB19A6D3920094B6BE /* Debug */ = {
			isa = XCBuildConfiguration;
			buildSettings = {
				HEADER_SEARCH_PATHS = (
					"$(inherited)",
					/opt/local/include,
				);
				LIBRARY_SEARCH_PATHS = (
					"$(inherited)",
					"$(PROJECT_DIR)",
					/opt/local/lib,
				);
				PRODUCT_NAME = FishEyeRemap;
			};
			name = Debug;
		};
		FBB16CAC19A6D3920094B6BE /* Release */ = {
			isa = XCBuildConfiguration;
			buildSettings = {
				HEADER_SEARCH_PATHS = (
					"$(inherited)",
					/opt/local/include,
				);
				LIBRARY_SEARCH_PATHS = (
					"$(inherited)",
					"$(PROJECT_DIR)",
					/opt/local/lib,
				);
				PRODUCT_NAME = FishEyeRemap;
			};
			name = Release;
		};
/* End XCBuildConfiguration section */

/* Begin XCConfigurationList section */
		FBB16C9C19A6D3920094B6BE /* Build configuration list for PBXProject "FishEyeRemap" */ = {
			isa = XCConfigurationList;
			buildConfigurations = (
				FBB16CA819A6D3920094B6BE /* Debug */,
				FBB16CA919A6D3920094B6BE /* Release */,
			);
			defaultConfigurationIsVisible = 0;
			defaultConfigurationName = Release;
		};
		FBB16CAA19A6D3920094B6BE /* Build configuration list for PBXNativeTarget "FishEyeRemap" */ = {
			isa = XCConfigurationList;
			buildConfigurations = (
				FBB16CAB19A6D3920094B6BE /* Debug */,
				FBB16CAC19A6D3920094B6BE /* Release */,
			);
			defaultConfigurationIsVisible = 0;
			defaultConfigurationName = Release;
		};
/* End XCConfigurationList section */
	};
	rootObject = FBB16C9919A6D3920094B6BE /* Project object */;
}
